// !$*UTF8*$!
{
	archiveVersion = 1;
	classes = {
	};
	objectVersion = 77;
	objects = {

/* Begin PBXBuildFile section */
		2738FF212D90348F000F7A22 /* AppDelegate.swift in Sources */ = {isa = PBXBuildFile; fileRef = 2738FF1A2D90348F000F7A22 /* AppDelegate.swift */; };
		2738FF222D90348F000F7A22 /* SceneDelegate.swift in Sources */ = {isa = PBXBuildFile; fileRef = 2738FF1F2D90348F000F7A22 /* SceneDelegate.swift */; };
		2738FF232D90348F000F7A22 /* Assets.xcassets in Resources */ = {isa = PBXBuildFile; fileRef = 2738FF1B2D90348F000F7A22 /* Assets.xcassets */; };
		2738FF252D90348F000F7A22 /* LaunchScreen.storyboard in Resources */ = {isa = PBXBuildFile; fileRef = 2738FF1E2D90348F000F7A22 /* LaunchScreen.storyboard */; };
		2738FF2B2D903582000F7A22 /* AppCoordinator.swift in Sources */ = {isa = PBXBuildFile; fileRef = 2738FF2A2D90357F000F7A22 /* AppCoordinator.swift */; };
		2738FF2D2D9035A0000F7A22 /* HomeViewModel.swift in Sources */ = {isa = PBXBuildFile; fileRef = 2738FF2C2D90359D000F7A22 /* HomeViewModel.swift */; };
		2738FF2F2D9035A6000F7A22 /* HomeViewController.swift in Sources */ = {isa = PBXBuildFile; fileRef = 2738FF2E2D9035A3000F7A22 /* HomeViewController.swift */; };
		2738FF322D90362F000F7A22 /* NetworkManager.swift in Sources */ = {isa = PBXBuildFile; fileRef = 2738FF312D90362C000F7A22 /* NetworkManager.swift */; };
		2738FF352D903640000F7A22 /* User.swift in Sources */ = {isa = PBXBuildFile; fileRef = 2738FF342D90363F000F7A22 /* User.swift */; };
/* End PBXBuildFile section */

/* Begin PBXFileReference section */
		2738FF022D90346B000F7A22 /* Pixel.app */ = {isa = PBXFileReference; explicitFileType = wrapper.application; includeInIndex = 0; path = Pixel.app; sourceTree = BUILT_PRODUCTS_DIR; };
		2738FF1A2D90348F000F7A22 /* AppDelegate.swift */ = {isa = PBXFileReference; lastKnownFileType = sourcecode.swift; path = AppDelegate.swift; sourceTree = "<group>"; };
		2738FF1B2D90348F000F7A22 /* Assets.xcassets */ = {isa = PBXFileReference; lastKnownFileType = folder.assetcatalog; path = Assets.xcassets; sourceTree = "<group>"; };
		2738FF1C2D90348F000F7A22 /* Info.plist */ = {isa = PBXFileReference; lastKnownFileType = text.plist.xml; path = Info.plist; sourceTree = "<group>"; };
		2738FF1D2D90348F000F7A22 /* Base */ = {isa = PBXFileReference; lastKnownFileType = file.storyboard; name = Base; path = Base.lproj/LaunchScreen.storyboard; sourceTree = "<group>"; };
		2738FF1F2D90348F000F7A22 /* SceneDelegate.swift */ = {isa = PBXFileReference; lastKnownFileType = sourcecode.swift; path = SceneDelegate.swift; sourceTree = "<group>"; };
		2738FF2A2D90357F000F7A22 /* AppCoordinator.swift */ = {isa = PBXFileReference; lastKnownFileType = sourcecode.swift; path = AppCoordinator.swift; sourceTree = "<group>"; };
		2738FF2C2D90359D000F7A22 /* HomeViewModel.swift */ = {isa = PBXFileReference; lastKnownFileType = sourcecode.swift; path = HomeViewModel.swift; sourceTree = "<group>"; };
		2738FF2E2D9035A3000F7A22 /* HomeViewController.swift */ = {isa = PBXFileReference; lastKnownFileType = sourcecode.swift; path = HomeViewController.swift; sourceTree = "<group>"; };
		2738FF312D90362C000F7A22 /* NetworkManager.swift */ = {isa = PBXFileReference; lastKnownFileType = sourcecode.swift; path = NetworkManager.swift; sourceTree = "<group>"; };
		2738FF342D90363F000F7A22 /* User.swift */ = {isa = PBXFileReference; lastKnownFileType = sourcecode.swift; path = User.swift; sourceTree = "<group>"; };
/* End PBXFileReference section */

/* Begin PBXFrameworksBuildPhase section */
		2738FEFF2D90346B000F7A22 /* Frameworks */ = {
			isa = PBXFrameworksBuildPhase;
			buildActionMask = 2147483647;
			files = (
			);
			runOnlyForDeploymentPostprocessing = 0;
		};
/* End PBXFrameworksBuildPhase section */

/* Begin PBXGroup section */
		2738FEF92D90346B000F7A22 = {
			isa = PBXGroup;
			children = (
				2738FF202D90348F000F7A22 /* Pixel */,
				2738FF032D90346B000F7A22 /* Products */,
			);
			sourceTree = "<group>";
		};
		2738FF032D90346B000F7A22 /* Products */ = {
			isa = PBXGroup;
			children = (
				2738FF022D90346B000F7A22 /* Pixel.app */,
			);
			name = Products;
			sourceTree = "<group>";
		};
		2738FF202D90348F000F7A22 /* Pixel */ = {
			isa = PBXGroup;
			children = (
				2738FF332D90363A000F7A22 /* Models */,
				2738FF302D90361C000F7A22 /* Networking */,
				2738FF282D9034E0000F7A22 /* Pages */,
				2738FF272D90349C000F7A22 /* Resources */,
				2738FF262D903491000F7A22 /* Base */,
				2738FF1E2D90348F000F7A22 /* LaunchScreen.storyboard */,
				2738FF1C2D90348F000F7A22 /* Info.plist */,
			);
			path = Pixel;
			sourceTree = "<group>";
		};
		2738FF262D903491000F7A22 /* Base */ = {
			isa = PBXGroup;
			children = (
				2738FF2A2D90357F000F7A22 /* AppCoordinator.swift */,
				2738FF1A2D90348F000F7A22 /* AppDelegate.swift */,
				2738FF1F2D90348F000F7A22 /* SceneDelegate.swift */,
			);
			path = Base;
			sourceTree = "<group>";
		};
		2738FF272D90349C000F7A22 /* Resources */ = {
			isa = PBXGroup;
			children = (
				2738FF1B2D90348F000F7A22 /* Assets.xcassets */,
			);
			path = Resources;
			sourceTree = "<group>";
		};
		2738FF282D9034E0000F7A22 /* Pages */ = {
			isa = PBXGroup;
			children = (
				2738FF292D90350F000F7A22 /* Home */,
			);
			path = Pages;
			sourceTree = "<group>";
		};
		2738FF292D90350F000F7A22 /* Home */ = {
			isa = PBXGroup;
			children = (
				2738FF2E2D9035A3000F7A22 /* HomeViewController.swift */,
				2738FF2C2D90359D000F7A22 /* HomeViewModel.swift */,
			);
			path = Home;
			sourceTree = "<group>";
		};
		2738FF302D90361C000F7A22 /* Networking */ = {
			isa = PBXGroup;
			children = (
				2738FF312D90362C000F7A22 /* NetworkManager.swift */,
			);
			path = Networking;
			sourceTree = "<group>";
		};
		2738FF332D90363A000F7A22 /* Models */ = {
			isa = PBXGroup;
			children = (
				2738FF342D90363F000F7A22 /* User.swift */,
			);
			path = Models;
			sourceTree = "<group>";
		};
/* End PBXGroup section */

/* Begin PBXNativeTarget section */
		2738FF012D90346B000F7A22 /* Pixel */ = {
			isa = PBXNativeTarget;
			buildConfigurationList = 2738FF152D90346C000F7A22 /* Build configuration list for PBXNativeTarget "Pixel" */;
			buildPhases = (
				2738FEFE2D90346B000F7A22 /* Sources */,
				2738FEFF2D90346B000F7A22 /* Frameworks */,
				2738FF002D90346B000F7A22 /* Resources */,
			);
			buildRules = (
			);
			dependencies = (
			);
			name = Pixel;
			packageProductDependencies = (
			);
			productName = Pixel;
			productReference = 2738FF022D90346B000F7A22 /* Pixel.app */;
			productType = "com.apple.product-type.application";
		};
/* End PBXNativeTarget section */

/* Begin PBXProject section */
		2738FEFA2D90346B000F7A22 /* Project object */ = {
			isa = PBXProject;
			attributes = {
				BuildIndependentTargetsInParallel = 1;
				LastSwiftUpdateCheck = 1620;
				LastUpgradeCheck = 1620;
				TargetAttributes = {
					2738FF012D90346B000F7A22 = {
						CreatedOnToolsVersion = 16.2;
					};
				};
			};
			buildConfigurationList = 2738FEFD2D90346B000F7A22 /* Build configuration list for PBXProject "Pixel" */;
			developmentRegion = en;
			hasScannedForEncodings = 0;
			knownRegions = (
				en,
				Base,
			);
			mainGroup = 2738FEF92D90346B000F7A22;
			minimizedProjectReferenceProxies = 1;
			preferredProjectObjectVersion = 77;
			productRefGroup = 2738FF032D90346B000F7A22 /* Products */;
			projectDirPath = "";
			projectRoot = "";
			targets = (
				2738FF012D90346B000F7A22 /* Pixel */,
			);
		};
/* End PBXProject section */

/* Begin PBXResourcesBuildPhase section */
		2738FF002D90346B000F7A22 /* Resources */ = {
			isa = PBXResourcesBuildPhase;
			buildActionMask = 2147483647;
			files = (
				2738FF232D90348F000F7A22 /* Assets.xcassets in Resources */,
				2738FF252D90348F000F7A22 /* LaunchScreen.storyboard in Resources */,
			);
			runOnlyForDeploymentPostprocessing = 0;
		};
/* End PBXResourcesBuildPhase section */

/* Begin PBXSourcesBuildPhase section */
		2738FEFE2D90346B000F7A22 /* Sources */ = {
			isa = PBXSourcesBuildPhase;
			buildActionMask = 2147483647;
			files = (
				2738FF322D90362F000F7A22 /* NetworkManager.swift in Sources */,
				2738FF2F2D9035A6000F7A22 /* HomeViewController.swift in Sources */,
				2738FF2B2D903582000F7A22 /* AppCoordinator.swift in Sources */,
				2738FF212D90348F000F7A22 /* AppDelegate.swift in Sources */,
				2738FF222D90348F000F7A22 /* SceneDelegate.swift in Sources */,
				2738FF2D2D9035A0000F7A22 /* HomeViewModel.swift in Sources */,
				2738FF352D903640000F7A22 /* User.swift in Sources */,
			);
			runOnlyForDeploymentPostprocessing = 0;
		};
/* End PBXSourcesBuildPhase section */

/* Begin PBXVariantGroup section */
		2738FF1E2D90348F000F7A22 /* LaunchScreen.storyboard */ = {
			isa = PBXVariantGroup;
			children = (
				2738FF1D2D90348F000F7A22 /* Base */,
			);
			name = LaunchScreen.storyboard;
			sourceTree = "<group>";
		};
/* End PBXVariantGroup section */

/* Begin XCBuildConfiguration section */
		2738FF162D90346C000F7A22 /* Debug */ = {
			isa = XCBuildConfiguration;
			buildSettings = {
				ASSETCATALOG_COMPILER_APPICON_NAME = AppIcon;
				ASSETCATALOG_COMPILER_GLOBAL_ACCENT_COLOR_NAME = AccentColor;
				CODE_SIGN_STYLE = Automatic;
				CURRENT_PROJECT_VERSION = 1;
				DEVELOPMENT_TEAM = DMS7H44E8B;
				GENERATE_INFOPLIST_FILE = YES;
				INFOPLIST_FILE = Pixel/Info.plist;
				INFOPLIST_KEY_UIApplicationSupportsIndirectInputEvents = YES;
				INFOPLIST_KEY_UILaunchStoryboardName = LaunchScreen;
				INFOPLIST_KEY_UISupportedInterfaceOrientations_iPad = "UIInterfaceOrientationPortrait UIInterfaceOrientationPortraitUpsideDown UIInterfaceOrientationLandscapeLeft UIInterfaceOrientationLandscapeRight";
				INFOPLIST_KEY_UISupportedInterfaceOrientations_iPhone = "UIInterfaceOrientationPortrait UIInterfaceOrientationLandscapeLeft UIInterfaceOrientationLandscapeRight";
				IPHONEOS_DEPLOYMENT_TARGET = 16.6;
				LD_RUNPATH_SEARCH_PATHS = (
					"$(inherited)",
					"@executable_path/Frameworks",
				);
				MARKETING_VERSION = 1.0;
				PRODUCT_BUNDLE_IDENTIFIER = com.lewishalliday.Pixel;
				PRODUCT_NAME = "$(TARGET_NAME)";
				SWIFT_EMIT_LOC_STRINGS = YES;
				SWIFT_VERSION = 5.0;
				TARGETED_DEVICE_FAMILY = "1,2";
			};
			name = Debug;
		};
		2738FF172D90346C000F7A22 /* Release */ = {
			isa = XCBuildConfiguration;
			buildSettings = {
				ASSETCATALOG_COMPILER_APPICON_NAME = AppIcon;
				ASSETCATALOG_COMPILER_GLOBAL_ACCENT_COLOR_NAME = AccentColor;
				CODE_SIGN_STYLE = Automatic;
				CURRENT_PROJECT_VERSION = 1;
				DEVELOPMENT_TEAM = DMS7H44E8B;
				GENERATE_INFOPLIST_FILE = YES;
				INFOPLIST_FILE = Pixel/Info.plist;
				INFOPLIST_KEY_UIApplicationSupportsIndirectInputEvents = YES;
				INFOPLIST_KEY_UILaunchStoryboardName = LaunchScreen;
				INFOPLIST_KEY_UISupportedInterfaceOrientations_iPad = "UIInterfaceOrientationPortrait UIInterfaceOrientationPortraitUpsideDown UIInterfaceOrientationLandscapeLeft UIInterfaceOrientationLandscapeRight";
				INFOPLIST_KEY_UISupportedInterfaceOrientations_iPhone = "UIInterfaceOrientationPortrait UIInterfaceOrientationLandscapeLeft UIInterfaceOrientationLandscapeRight";
				IPHONEOS_DEPLOYMENT_TARGET = 16.6;
				LD_RUNPATH_SEARCH_PATHS = (
					"$(inherited)",
					"@executable_path/Frameworks",
				);
				MARKETING_VERSION = 1.0;
				PRODUCT_BUNDLE_IDENTIFIER = com.lewishalliday.Pixel;
				PRODUCT_NAME = "$(TARGET_NAME)";
				SWIFT_EMIT_LOC_STRINGS = YES;
				SWIFT_VERSION = 5.0;
				TARGETED_DEVICE_FAMILY = "1,2";
			};
			name = Release;
		};
		2738FF182D90346C000F7A22 /* Debug */ = {
			isa = XCBuildConfiguration;
			buildSettings = {
				ALWAYS_SEARCH_USER_PATHS = NO;
				ASSETCATALOG_COMPILER_GENERATE_SWIFT_ASSET_SYMBOL_EXTENSIONS = YES;
				CLANG_ANALYZER_NONNULL = YES;
				CLANG_ANALYZER_NUMBER_OBJECT_CONVERSION = YES_AGGRESSIVE;
				CLANG_CXX_LANGUAGE_STANDARD = "gnu++20";
				CLANG_ENABLE_MODULES = YES;
				CLANG_ENABLE_OBJC_ARC = YES;
				CLANG_ENABLE_OBJC_WEAK = YES;
				CLANG_WARN_BLOCK_CAPTURE_AUTORELEASING = YES;
				CLANG_WARN_BOOL_CONVERSION = YES;
				CLANG_WARN_COMMA = YES;
				CLANG_WARN_CONSTANT_CONVERSION = YES;
				CLANG_WARN_DEPRECATED_OBJC_IMPLEMENTATIONS = YES;
				CLANG_WARN_DIRECT_OBJC_ISA_USAGE = YES_ERROR;
				CLANG_WARN_DOCUMENTATION_COMMENTS = YES;
				CLANG_WARN_EMPTY_BODY = YES;
				CLANG_WARN_ENUM_CONVERSION = YES;
				CLANG_WARN_INFINITE_RECURSION = YES;
				CLANG_WARN_INT_CONVERSION = YES;
				CLANG_WARN_NON_LITERAL_NULL_CONVERSION = YES;
				CLANG_WARN_OBJC_IMPLICIT_RETAIN_SELF = YES;
				CLANG_WARN_OBJC_LITERAL_CONVERSION = YES;
				CLANG_WARN_OBJC_ROOT_CLASS = YES_ERROR;
				CLANG_WARN_QUOTED_INCLUDE_IN_FRAMEWORK_HEADER = YES;
				CLANG_WARN_RANGE_LOOP_ANALYSIS = YES;
				CLANG_WARN_STRICT_PROTOTYPES = YES;
				CLANG_WARN_SUSPICIOUS_MOVE = YES;
				CLANG_WARN_UNGUARDED_AVAILABILITY = YES_AGGRESSIVE;
				CLANG_WARN_UNREACHABLE_CODE = YES;
				CLANG_WARN__DUPLICATE_METHOD_MATCH = YES;
				COPY_PHASE_STRIP = NO;
				DEBUG_INFORMATION_FORMAT = dwarf;
				ENABLE_STRICT_OBJC_MSGSEND = YES;
				ENABLE_TESTABILITY = YES;
				ENABLE_USER_SCRIPT_SANDBOXING = YES;
				GCC_C_LANGUAGE_STANDARD = gnu17;
				GCC_DYNAMIC_NO_PIC = NO;
				GCC_NO_COMMON_BLOCKS = YES;
				GCC_OPTIMIZATION_LEVEL = 0;
				GCC_PREPROCESSOR_DEFINITIONS = (
					"DEBUG=1",
					"$(inherited)",
				);
				GCC_WARN_64_TO_32_BIT_CONVERSION = YES;
				GCC_WARN_ABOUT_RETURN_TYPE = YES_ERROR;
				GCC_WARN_UNDECLARED_SELECTOR = YES;
				GCC_WARN_UNINITIALIZED_AUTOS = YES_AGGRESSIVE;
				GCC_WARN_UNUSED_FUNCTION = YES;
				GCC_WARN_UNUSED_VARIABLE = YES;
				IPHONEOS_DEPLOYMENT_TARGET = 18.2;
				LOCALIZATION_PREFERS_STRING_CATALOGS = YES;
				MTL_ENABLE_DEBUG_INFO = INCLUDE_SOURCE;
				MTL_FAST_MATH = YES;
				ONLY_ACTIVE_ARCH = YES;
				SDKROOT = iphoneos;
				SWIFT_ACTIVE_COMPILATION_CONDITIONS = "DEBUG $(inherited)";
				SWIFT_OPTIMIZATION_LEVEL = "-Onone";
			};
			name = Debug;
		};
		2738FF192D90346C000F7A22 /* Release */ = {
			isa = XCBuildConfiguration;
			buildSettings = {
				ALWAYS_SEARCH_USER_PATHS = NO;
				ASSETCATALOG_COMPILER_GENERATE_SWIFT_ASSET_SYMBOL_EXTENSIONS = YES;
				CLANG_ANALYZER_NONNULL = YES;
				CLANG_ANALYZER_NUMBER_OBJECT_CONVERSION = YES_AGGRESSIVE;
				CLANG_CXX_LANGUAGE_STANDARD = "gnu++20";
				CLANG_ENABLE_MODULES = YES;
				CLANG_ENABLE_OBJC_ARC = YES;
				CLANG_ENABLE_OBJC_WEAK = YES;
				CLANG_WARN_BLOCK_CAPTURE_AUTORELEASING = YES;
				CLANG_WARN_BOOL_CONVERSION = YES;
				CLANG_WARN_COMMA = YES;
				CLANG_WARN_CONSTANT_CONVERSION = YES;
				CLANG_WARN_DEPRECATED_OBJC_IMPLEMENTATIONS = YES;
				CLANG_WARN_DIRECT_OBJC_ISA_USAGE = YES_ERROR;
				CLANG_WARN_DOCUMENTATION_COMMENTS = YES;
				CLANG_WARN_EMPTY_BODY = YES;
				CLANG_WARN_ENUM_CONVERSION = YES;
				CLANG_WARN_INFINITE_RECURSION = YES;
				CLANG_WARN_INT_CONVERSION = YES;
				CLANG_WARN_NON_LITERAL_NULL_CONVERSION = YES;
				CLANG_WARN_OBJC_IMPLICIT_RETAIN_SELF = YES;
				CLANG_WARN_OBJC_LITERAL_CONVERSION = YES;
				CLANG_WARN_OBJC_ROOT_CLASS = YES_ERROR;
				CLANG_WARN_QUOTED_INCLUDE_IN_FRAMEWORK_HEADER = YES;
				CLANG_WARN_RANGE_LOOP_ANALYSIS = YES;
				CLANG_WARN_STRICT_PROTOTYPES = YES;
				CLANG_WARN_SUSPICIOUS_MOVE = YES;
				CLANG_WARN_UNGUARDED_AVAILABILITY = YES_AGGRESSIVE;
				CLANG_WARN_UNREACHABLE_CODE = YES;
				CLANG_WARN__DUPLICATE_METHOD_MATCH = YES;
				COPY_PHASE_STRIP = NO;
				DEBUG_INFORMATION_FORMAT = "dwarf-with-dsym";
				ENABLE_NS_ASSERTIONS = NO;
				ENABLE_STRICT_OBJC_MSGSEND = YES;
				ENABLE_USER_SCRIPT_SANDBOXING = YES;
				GCC_C_LANGUAGE_STANDARD = gnu17;
				GCC_NO_COMMON_BLOCKS = YES;
				GCC_WARN_64_TO_32_BIT_CONVERSION = YES;
				GCC_WARN_ABOUT_RETURN_TYPE = YES_ERROR;
				GCC_WARN_UNDECLARED_SELECTOR = YES;
				GCC_WARN_UNINITIALIZED_AUTOS = YES_AGGRESSIVE;
				GCC_WARN_UNUSED_FUNCTION = YES;
				GCC_WARN_UNUSED_VARIABLE = YES;
				IPHONEOS_DEPLOYMENT_TARGET = 18.2;
				LOCALIZATION_PREFERS_STRING_CATALOGS = YES;
				MTL_ENABLE_DEBUG_INFO = NO;
				MTL_FAST_MATH = YES;
				SDKROOT = iphoneos;
				SWIFT_COMPILATION_MODE = wholemodule;
				VALIDATE_PRODUCT = YES;
			};
			name = Release;
		};
/* End XCBuildConfiguration section */

/* Begin XCConfigurationList section */
		2738FEFD2D90346B000F7A22 /* Build configuration list for PBXProject "Pixel" */ = {
			isa = XCConfigurationList;
			buildConfigurations = (
				2738FF182D90346C000F7A22 /* Debug */,
				2738FF192D90346C000F7A22 /* Release */,
			);
			defaultConfigurationIsVisible = 0;
			defaultConfigurationName = Release;
		};
		2738FF152D90346C000F7A22 /* Build configuration list for PBXNativeTarget "Pixel" */ = {
			isa = XCConfigurationList;
			buildConfigurations = (
				2738FF162D90346C000F7A22 /* Debug */,
				2738FF172D90346C000F7A22 /* Release */,
			);
			defaultConfigurationIsVisible = 0;
			defaultConfigurationName = Release;
		};
/* End XCConfigurationList section */
	};
	rootObject = 2738FEFA2D90346B000F7A22 /* Project object */;
}
